<?xml version="1.0" encoding="utf-8"?>
<Project ToolsVersion="4.0" xmlns="http://schemas.microsoft.com/developer/msbuild/2003">
  <ItemGroup>
    <Filter Include="win32">
      <UniqueIdentifier>{84a8ebd7-7cf0-47f6-b75e-d441df67da40}</UniqueIdentifier>
    </Filter>
    <Filter Include="resource">
      <UniqueIdentifier>{715254bc-d70b-4ec5-bf29-467dd3ace079}</UniqueIdentifier>
    </Filter>
    <Filter Include="src">
      <UniqueIdentifier>{bb6c862e-70e9-49d9-81b7-3829a6f50471}</UniqueIdentifier>
    </Filter>
    <Filter Include="reader">
      <UniqueIdentifier>{7a830947-73d5-4e9c-b222-76d1463b0e8a}</UniqueIdentifier>
    </Filter>
    <Filter Include="src\Scenes">
      <UniqueIdentifier>{1085655e-5286-4bbf-9402-d68b91a8957b}</UniqueIdentifier>
    </Filter>
    <Filter Include="src\Blocks">
      <UniqueIdentifier>{09e6ab5a-5050-4f79-a357-65c4e877aced}</UniqueIdentifier>
    </Filter>
  </ItemGroup>
  <ItemGroup>
    <ClCompile Include="main.cpp">
      <Filter>win32</Filter>
    </ClCompile>
    <ClCompile Include="..\creator_to_cocos2dx\reader\**\*.cpp">
      <Filter>reader</Filter>
    </ClCompile>
    <ClCompile Include="..\Classes\GameMode.cpp" />
    <ClCompile Include="..\Classes\PuzzleMode.cpp" />
    <ClCompile Include="..\Classes\SurvivalMode.cpp" />
    <ClCompile Include="..\Classes\Blocks\*.cpp">
      <Filter>src\Blocks</Filter>
    </ClCompile>
    <ClCompile Include="..\Classes\Scenes\*.cpp">
      <Filter>src\Scenes</Filter>
    </ClCompile>
    <ClCompile Include="..\Classes\Scenes\*.cpp">
      <Filter>src\Scenes</Filter>
    </ClCompile>
    <ClCompile Include="..\Classes\Scenes\*.cpp" />
    <ClCompile Include="..\Classes\Scenes\*.cpp" />
    <ClCompile Include="..\Classes\Scenes\*.cpp" />
    <ClCompile Include="..\Classes\Blocks\*.cpp" />
    <ClCompile Include="..\Classes\*.cpp">
      <Filter>src</Filter>
    </ClCompile>
    <ClCompile Include="..\Classes\*.cpp">
      <Filter>src</Filter>
    </ClCompile>
    <ClCompile Include="..\Classes\*.cpp" />
    <ClCompile Include="..\Classes\*.cpp" />
    <ClCompile Include="..\Classes\Scenes\HelloWorldScene.cpp" />
    <ClCompile Include="..\Classes\Scenes\StartMenuScene.cpp" />
    <ClCompile Include="..\Classes\Scenes\GamePlayScene.cpp" />
    <ClCompile Include="..\Classes\Scenes\HelloWorldScene.cpp" />
    <ClCompile Include="..\Classes\Scenes\StartMenuScene.cpp" />
    <ClCompile Include="..\Classes\Scenes\GamePlayScene.cpp" />
    <ClCompile Include="..\Classes\Scenes\HelloWorldScene.cpp" />
    <ClCompile Include="..\Classes\Scenes\StartMenuScene.cpp" />
    <ClCompile Include="..\Classes\Blocks\*.cpp">
      <Filter>src\Blocks</Filter>
    </ClCompile>
    <ClCompile Include="..\Classes\Blocks\*.cpp">
      <Filter>src\Blocks</Filter>
    </ClCompile>
    <ClCompile Include="..\Classes\Scenes\*.cpp">
      <Filter>src\Scenes</Filter>
    </ClCompile>
    <ClCompile Include="..\Classes\Scenes\*.cpp">
      <Filter>src\Scenes</Filter>
    </ClCompile>
    <ClCompile Include="..\Classes\Scenes\*.cpp">
      <Filter>src\Scenes</Filter>
    </ClCompile>
    <ClCompile Include="..\Classes\Scenes\*.cpp">
      <Filter>src\Scenes</Filter>
    </ClCompile>
    <ClCompile Include="..\Classes\GameMode.cpp" />
    <ClCompile Include="..\Classes\PuzzleMode.cpp" />
    <ClCompile Include="..\Classes\SurvivalMode.cpp" />
    <ClCompile Include="..\Classes\GameMode.cpp" />
    <ClCompile Include="..\Classes\PuzzleMode.cpp" />
    <ClCompile Include="..\Classes\SurvivalMode.cpp" />
    <ClCompile Include="..\Classes\Scenes\*.cpp" />
    <ClCompile Include="..\Classes\Scenes\*.cpp" />
    <ClCompile Include="..\Classes\Scenes\*.cpp" />
    <ClCompile Include="..\Classes\Blocks\*.cpp" />
    <ClCompile Include="..\Classes\*.cpp">
      <Filter>src</Filter>
    </ClCompile>
    <ClCompile Include="..\Classes\*.cpp">
      <Filter>src</Filter>
    </ClCompile>
    <ClCompile Include="..\Classes\*.cpp">
      <Filter>src</Filter>
    </ClCompile>
    <ClCompile Include="..\Classes\*.cpp">
      <Filter>src</Filter>
    </ClCompile>
    <ClCompile Include="..\Classes\*.cpp" />
    <ClCompile Include="..\Classes\*.cpp" />
    <ClCompile Include="..\Classes\*.cpp" />
    <ClCompile Include="..\Classes\Scenes\GamePlayScene.cpp" />
    <ClCompile Include="..\Classes\Scenes\HelloWorldScene.cpp" />
    <ClCompile Include="..\Classes\Scenes\StartMenuScene.cpp" />
    <ClCompile Include="..\Classes\Scenes\GamePlayScene.cpp" />
    <ClCompile Include="..\Classes\Scenes\HelloWorldScene.cpp" />
    <ClCompile Include="..\Classes\Scenes\StartMenuScene.cpp" />
    <ClCompile Include="..\Classes\Scenes\GamePlayScene.cpp" />
    <ClCompile Include="..\Classes\Scenes\HelloWorldScene.cpp" />
    <ClCompile Include="..\Classes\Scenes\StartMenuScene.cpp" />
    <ClCompile Include="..\Classes\Blocks\BlockFactory.cpp" />
    <ClCompile Include="..\Classes\Scenes\*.cpp">
      <Filter>src\Scenes</Filter>
    </ClCompile>
    <ClCompile Include="..\Classes\Scenes\*.cpp">
      <Filter>src\Scenes</Filter>
    </ClCompile>
    <ClCompile Include="..\Classes\Scenes\*.cpp">
      <Filter>src\Scenes</Filter>
    </ClCompile>
    <ClCompile Include="..\Classes\Scenes\*.cpp">
      <Filter>src\Scenes</Filter>
    </ClCompile>
    <ClCompile Include="..\Classes\Blocks\*.cpp">
      <Filter>src\Blocks</Filter>
    </ClCompile>
    <ClCompile Include="..\Classes\Blocks\*.cpp">
      <Filter>src\Blocks</Filter>
    </ClCompile>
    <ClCompile Include="..\Classes\GameMode.cpp" />
    <ClCompile Include="..\Classes\PuzzleMode.cpp" />
    <ClCompile Include="..\Classes\SurvivalMode.cpp" />
    <ClCompile Include="..\Classes\GameMode.cpp" />
    <ClCompile Include="..\Classes\PuzzleMode.cpp" />
    <ClCompile Include="..\Classes\SurvivalMode.cpp" />
    <ClCompile Include="..\Classes\GameMode.cpp" />
    <ClCompile Include="..\Classes\PuzzleMode.cpp" />
    <ClCompile Include="..\Classes\SurvivalMode.cpp" />
    <ClCompile Include="..\Classes\Scenes\*.cpp" />
    <ClCompile Include="..\Classes\Scenes\*.cpp" />
    <ClCompile Include="..\Classes\Scenes\*.cpp" />
    <ClCompile Include="..\Classes\Blocks\*.cpp" />
    <ClCompile Include="..\Classes\*.cpp">
      <Filter>src</Filter>
    </ClCompile>
    <ClCompile Include="..\Classes\*.cpp">
      <Filter>src</Filter>
    </ClCompile>
    <ClCompile Include="..\Classes\*.cpp">
      <Filter>src</Filter>
    </ClCompile>
    <ClCompile Include="..\Classes\*.cpp">
      <Filter>src</Filter>
    </ClCompile>
  </ItemGroup>
  <ItemGroup>
    <ClInclude Include="main.h">
      <Filter>win32</Filter>
    </ClInclude>
    <ClInclude Include="..\creator_to_cocos2dx\reader\**\*.h">
      <Filter>reader</Filter>
    </ClInclude>
    <ClInclude Include="..\Classes\define.h" />
    <ClInclude Include="..\Classes\GameMode.h" />
    <ClInclude Include="..\Classes\PlayerAction.h" />
    <ClInclude Include="..\Classes\PuzzleMode.h" />
    <ClInclude Include="..\Classes\SurvivalMode.h" />
    <ClInclude Include="..\Classes\*.h" />
    <ClInclude Include="..\Classes\*.h" />
    <ClInclude Include="..\Classes\Scenes\GamePlayScene.h" />
    <ClInclude Include="..\Classes\Scenes\HelloWorldScene.h" />
    <ClInclude Include="..\Classes\Scenes\LoseScene.h" />
    <ClInclude Include="..\Classes\Scenes\PauseMenuScene.h" />
    <ClInclude Include="..\Classes\Scenes\StartMenuScene.h" />
    <ClInclude Include="..\Classes\Scenes\GamePlayScene.h" />
    <ClInclude Include="..\Classes\Scenes\HelloWorldScene.h" />
    <ClInclude Include="..\Classes\Scenes\LoseScene.h" />
    <ClInclude Include="..\Classes\Scenes\PauseMenuScene.h" />
    <ClInclude Include="..\Classes\Scenes\StartMenuScene.h" />
    <ClInclude Include="..\Classes\Scenes\GamePlayScene.h" />
    <ClInclude Include="..\Classes\Scenes\HelloWorldScene.h" />
    <ClInclude Include="..\Classes\Scenes\LoseScene.h" />
    <ClInclude Include="..\Classes\Scenes\PauseMenuScene.h" />
    <ClInclude Include="..\Classes\Scenes\StartMenuScene.h" />
    <ClInclude Include="..\Classes\Scenes\GamePlayScene.h" />
    <ClInclude Include="..\Classes\Scenes\HelloWorldScene.h" />
    <ClInclude Include="..\Classes\Scenes\LoseScene.h" />
    <ClInclude Include="..\Classes\Scenes\PauseMenuScene.h" />
    <ClInclude Include="..\Classes\Scenes\StartMenuScene.h" />
    <ClInclude Include="..\Classes\Scenes\GamePlayScene.h" />
    <ClInclude Include="..\Classes\Scenes\HelloWorldScene.h" />
    <ClInclude Include="..\Classes\Scenes\LoseScene.h" />
    <ClInclude Include="..\Classes\Scenes\PauseMenuScene.h" />
    <ClInclude Include="..\Classes\Scenes\StartMenuScene.h" />
    <ClInclude Include="..\Classes\Blocks\*.h" />
    <ClInclude Include="..\Classes\Blocks\*.h" />
    <ClInclude Include="..\Classes\Blocks\*.h" />
    <ClInclude Include="..\Classes\Blocks\*.h" />
    <ClInclude Include="..\Classes\Blocks\*.h" />
    <ClInclude Include="..\Classes\*.h" />
    <ClInclude Include="..\Classes\*.h" />
    <ClInclude Include="..\Classes\*.h" />
    <ClInclude Include="..\Classes\*.h" />
    <ClInclude Include="..\Classes\Scenes\GamePlayScene.h" />
    <ClInclude Include="..\Classes\Scenes\HelloWorldScene.h" />
    <ClInclude Include="..\Classes\Scenes\LoseScene.h" />
    <ClInclude Include="..\Classes\Scenes\PauseMenuScene.h" />
    <ClInclude Include="..\Classes\Scenes\StartMenuScene.h" />
    <ClInclude Include="..\Classes\Scenes\GamePlayScene.h" />
    <ClInclude Include="..\Classes\Scenes\HelloWorldScene.h" />
    <ClInclude Include="..\Classes\Scenes\LoseScene.h" />
    <ClInclude Include="..\Classes\Scenes\PauseMenuScene.h" />
    <ClInclude Include="..\Classes\Scenes\StartMenuScene.h" />
    <ClInclude Include="..\Classes\Scenes\GamePlayScene.h" />
    <ClInclude Include="..\Classes\Scenes\HelloWorldScene.h" />
    <ClInclude Include="..\Classes\Scenes\LoseScene.h" />
    <ClInclude Include="..\Classes\Scenes\PauseMenuScene.h" />
    <ClInclude Include="..\Classes\Scenes\StartMenuScene.h" />
    <ClInclude Include="..\Classes\Scenes\GamePlayScene.h" />
    <ClInclude Include="..\Classes\Scenes\HelloWorldScene.h" />
    <ClInclude Include="..\Classes\Scenes\LoseScene.h" />
    <ClInclude Include="..\Classes\Scenes\PauseMenuScene.h" />
    <ClInclude Include="..\Classes\Scenes\StartMenuScene.h" />
    <ClInclude Include="..\Classes\Scenes\GamePlayScene.h" />
    <ClInclude Include="..\Classes\Scenes\HelloWorldScene.h" />
    <ClInclude Include="..\Classes\Scenes\LoseScene.h" />
    <ClInclude Include="..\Classes\Scenes\PauseMenuScene.h" />
    <ClInclude Include="..\Classes\Scenes\StartMenuScene.h" />
    <ClInclude Include="..\Classes\Blocks\BlockFactory.h" />
    <ClInclude Include="..\Classes\Blocks\BlockType.h" />
    <ClInclude Include="..\Classes\Blocks\IBlock.h" />
    <ClInclude Include="..\Classes\Blocks\LBlock.h" />
    <ClInclude Include="..\Classes\Blocks\OBlock.h" />
    <ClInclude Include="..\Classes\Blocks\TBlock.h" />
    <ClInclude Include="..\Classes\Blocks\ZBlock.h" />
    <ClInclude Include="..\Classes\Blocks\BlockFactory.h" />
    <ClInclude Include="..\Classes\Blocks\BlockType.h" />
    <ClInclude Include="..\Classes\Blocks\IBlock.h" />
    <ClInclude Include="..\Classes\Blocks\LBlock.h" />
    <ClInclude Include="..\Classes\Blocks\OBlock.h" />
    <ClInclude Include="..\Classes\Blocks\TBlock.h" />
    <ClInclude Include="..\Classes\Blocks\ZBlock.h" />
    <ClInclude Include="..\Classes\Blocks\BlockFactory.h" />
    <ClInclude Include="..\Classes\Blocks\BlockType.h" />
    <ClInclude Include="..\Classes\Blocks\IBlock.h" />
    <ClInclude Include="..\Classes\Blocks\LBlock.h" />
    <ClInclude Include="..\Classes\Blocks\OBlock.h" />
    <ClInclude Include="..\Classes\Blocks\TBlock.h" />
    <ClInclude Include="..\Classes\Blocks\ZBlock.h" />
    <ClInclude Include="..\Classes\Blocks\BlockFactory.h" />
    <ClInclude Include="..\Classes\Blocks\BlockType.h" />
    <ClInclude Include="..\Classes\Blocks\IBlock.h" />
    <ClInclude Include="..\Classes\Blocks\LBlock.h" />
    <ClInclude Include="..\Classes\Blocks\OBlock.h" />
    <ClInclude Include="..\Classes\Blocks\TBlock.h" />
    <ClInclude Include="..\Classes\Blocks\ZBlock.h" />
    <ClInclude Include="..\Classes\Blocks\BlockFactory.h" />
    <ClInclude Include="..\Classes\Blocks\BlockType.h" />
    <ClInclude Include="..\Classes\Blocks\IBlock.h" />
    <ClInclude Include="..\Classes\Blocks\LBlock.h" />
    <ClInclude Include="..\Classes\Blocks\OBlock.h" />
    <ClInclude Include="..\Classes\Blocks\TBlock.h" />
    <ClInclude Include="..\Classes\Blocks\ZBlock.h" />
    <ClInclude Include="..\Classes\Blocks\*.h">
      <Filter>src\Blocks</Filter>
    </ClInclude>
    <ClInclude Include="..\Classes\Blocks\*.h">
      <Filter>src\Blocks</Filter>
    </ClInclude>
    <ClInclude Include="..\Classes\Blocks\*.h">
      <Filter>src\Blocks</Filter>
    </ClInclude>
    <ClInclude Include="..\Classes\Blocks\*.h">
      <Filter>src\Blocks</Filter>
    </ClInclude>
    <ClInclude Include="..\Classes\Blocks\*.h">
      <Filter>src\Blocks</Filter>
    </ClInclude>
    <ClInclude Include="..\Classes\Blocks\*.h">
      <Filter>src\Blocks</Filter>
    </ClInclude>
    <ClInclude Include="..\Classes\Blocks\*.h">
      <Filter>src\Blocks</Filter>
    </ClInclude>
    <ClInclude Include="..\Classes\Blocks\*.h">
      <Filter>src\Blocks</Filter>
    </ClInclude>
    <ClInclude Include="..\Classes\Scenes\*.h">
      <Filter>src\Scenes</Filter>
    </ClInclude>
    <ClInclude Include="..\Classes\Scenes\*.h">
      <Filter>src\Scenes</Filter>
    </ClInclude>
    <ClInclude Include="..\Classes\Scenes\*.h">
      <Filter>src\Scenes</Filter>
    </ClInclude>
    <ClInclude Include="..\Classes\Scenes\*.h">
      <Filter>src\Scenes</Filter>
    </ClInclude>
    <ClInclude Include="..\Classes\Scenes\GamePlayScene.h">
      <Filter>src\Scenes</Filter>
    </ClInclude>
    <ClInclude Include="..\Classes\Scenes\HelloWorldScene.h">
      <Filter>src\Scenes</Filter>
    </ClInclude>
    <ClInclude Include="..\Classes\Scenes\LoseScene.h">
      <Filter>src\Scenes</Filter>
    </ClInclude>
    <ClInclude Include="..\Classes\Scenes\PauseMenuScene.h">
      <Filter>src\Scenes</Filter>
    </ClInclude>
    <ClInclude Include="..\Classes\Scenes\StartMenuScene.h">
      <Filter>src\Scenes</Filter>
    </ClInclude>
    <ClInclude Include="..\Classes\Scenes\*.h">
      <Filter>src\Scenes</Filter>
    </ClInclude>
    <ClInclude Include="..\Classes\Scenes\ChooseModeScene.h">
      <Filter>src\Scenes</Filter>
    </ClInclude>
    <ClInclude Include="..\Classes\GameMode.h" />
    <ClInclude Include="..\Classes\PlayerAction.h" />
    <ClInclude Include="..\Classes\PuzzleMode.h" />
    <ClInclude Include="..\Classes\SurvivalMode.h" />
    <ClInclude Include="..\Classes\GameMode.h" />
    <ClInclude Include="..\Classes\PlayerAction.h" />
    <ClInclude Include="..\Classes\PuzzleMode.h" />
    <ClInclude Include="..\Classes\SurvivalMode.h" />
    <ClInclude Include="..\Classes\Blocks\*.h" />
    <ClInclude Include="..\Classes\Blocks\*.h" />
    <ClInclude Include="..\Classes\Blocks\*.h" />
    <ClInclude Include="..\Classes\Blocks\*.h" />
    <ClInclude Include="..\Classes\Blocks\*.h" />
    <ClInclude Include="..\Classes\Blocks\*.h" />
    <ClInclude Include="..\Classes\Blocks\*.h" />
    <ClInclude Include="..\Classes\*.h">
      <Filter>src</Filter>
    </ClInclude>
    <ClInclude Include="..\Classes\*.h">
      <Filter>src</Filter>
    </ClInclude>
    <ClInclude Include="..\Classes\*.h">
      <Filter>src</Filter>
    </ClInclude>
    <ClInclude Include="..\Classes\*.h">
      <Filter>src</Filter>
    </ClInclude>
    <ClInclude Include="..\Classes\*.h">
      <Filter>src</Filter>
    </ClInclude>
    <ClInclude Include="..\Classes\Scenes\GamePlayScene.h">
      <Filter>src\Scenes</Filter>
    </ClInclude>
    <ClInclude Include="..\Classes\Scenes\HelloWorldScene.h">
      <Filter>src\Scenes</Filter>
    </ClInclude>
    <ClInclude Include="..\Classes\Scenes\LoseScene.h">
      <Filter>src\Scenes</Filter>
    </ClInclude>
    <ClInclude Include="..\Classes\Scenes\PauseMenuScene.h">
      <Filter>src\Scenes</Filter>
    </ClInclude>
    <ClInclude Include="..\Classes\Scenes\StartMenuScene.h">
      <Filter>src\Scenes</Filter>
    </ClInclude>
    <ClInclude Include="..\Classes\*.h" />
    <ClInclude Include="..\Classes\*.h" />
    <ClInclude Include="..\Classes\*.h" />
    <ClInclude Include="..\Classes\*.h" />
    <ClInclude Include="..\Classes\Blocks\BlockFactory.h" />
    <ClInclude Include="..\Classes\Blocks\BlockType.h" />
    <ClInclude Include="..\Classes\Blocks\IBlock.h" />
    <ClInclude Include="..\Classes\Blocks\LBlock.h" />
    <ClInclude Include="..\Classes\Blocks\OBlock.h" />
    <ClInclude Include="..\Classes\Blocks\TBlock.h" />
    <ClInclude Include="..\Classes\Blocks\ZBlock.h" />
    <ClInclude Include="..\Classes\Blocks\BlockFactory.h" />
    <ClInclude Include="..\Classes\Blocks\BlockType.h" />
    <ClInclude Include="..\Classes\Blocks\IBlock.h" />
    <ClInclude Include="..\Classes\Blocks\LBlock.h" />
    <ClInclude Include="..\Classes\Blocks\OBlock.h" />
    <ClInclude Include="..\Classes\Blocks\TBlock.h" />
    <ClInclude Include="..\Classes\Blocks\ZBlock.h" />
    <ClInclude Include="..\Classes\Blocks\BlockFactory.h" />
    <ClInclude Include="..\Classes\Blocks\BlockType.h" />
    <ClInclude Include="..\Classes\Blocks\IBlock.h" />
    <ClInclude Include="..\Classes\Blocks\LBlock.h" />
    <ClInclude Include="..\Classes\Blocks\OBlock.h" />
    <ClInclude Include="..\Classes\Blocks\TBlock.h" />
    <ClInclude Include="..\Classes\Blocks\ZBlock.h" />
    <ClInclude Include="..\Classes\Blocks\BlockFactory.h" />
    <ClInclude Include="..\Classes\Blocks\BlockType.h" />
    <ClInclude Include="..\Classes\Blocks\IBlock.h" />
    <ClInclude Include="..\Classes\Blocks\LBlock.h" />
    <ClInclude Include="..\Classes\Blocks\OBlock.h" />
    <ClInclude Include="..\Classes\Blocks\TBlock.h" />
    <ClInclude Include="..\Classes\Blocks\ZBlock.h" />
    <ClInclude Include="..\Classes\Blocks\BlockFactory.h" />
    <ClInclude Include="..\Classes\Blocks\BlockType.h" />
    <ClInclude Include="..\Classes\Blocks\IBlock.h" />
    <ClInclude Include="..\Classes\Blocks\LBlock.h" />
    <ClInclude Include="..\Classes\Blocks\OBlock.h" />
    <ClInclude Include="..\Classes\Blocks\TBlock.h" />
    <ClInclude Include="..\Classes\Blocks\ZBlock.h" />
    <ClInclude Include="..\Classes\Blocks\BlockFactory.h" />
    <ClInclude Include="..\Classes\Blocks\BlockType.h" />
    <ClInclude Include="..\Classes\Blocks\IBlock.h" />
    <ClInclude Include="..\Classes\Blocks\LBlock.h" />
    <ClInclude Include="..\Classes\Blocks\OBlock.h" />
    <ClInclude Include="..\Classes\Blocks\TBlock.h" />
    <ClInclude Include="..\Classes\Blocks\ZBlock.h" />
    <ClInclude Include="..\Classes\Blocks\BlockFactory.h" />
    <ClInclude Include="..\Classes\Blocks\BlockType.h" />
    <ClInclude Include="..\Classes\Blocks\IBlock.h" />
    <ClInclude Include="..\Classes\Blocks\LBlock.h" />
    <ClInclude Include="..\Classes\Blocks\OBlock.h" />
    <ClInclude Include="..\Classes\Blocks\TBlock.h" />
    <ClInclude Include="..\Classes\Blocks\ZBlock.h" />
    <ClInclude Include="..\Classes\Blocks\*.h">
      <Filter>src\Blocks</Filter>
    </ClInclude>
    <ClInclude Include="..\Classes\Blocks\*.h">
      <Filter>src\Blocks</Filter>
    </ClInclude>
    <ClInclude Include="..\Classes\Blocks\*.h">
      <Filter>src\Blocks</Filter>
    </ClInclude>
    <ClInclude Include="..\Classes\Blocks\*.h">
      <Filter>src\Blocks</Filter>
    </ClInclude>
    <ClInclude Include="..\Classes\Blocks\*.h">
      <Filter>src\Blocks</Filter>
    </ClInclude>
    <ClInclude Include="..\Classes\Blocks\*.h">
      <Filter>src\Blocks</Filter>
    </ClInclude>
    <ClInclude Include="..\Classes\Blocks\*.h">
      <Filter>src\Blocks</Filter>
    </ClInclude>
    <ClInclude Include="..\Classes\Blocks\*.h">
      <Filter>src\Blocks</Filter>
    </ClInclude>
    <ClInclude Include="..\Classes\GameMode.h" />
    <ClInclude Include="..\Classes\PlayerAction.h" />
    <ClInclude Include="..\Classes\PuzzleMode.h" />
    <ClInclude Include="..\Classes\SurvivalMode.h" />
    <ClInclude Include="..\Classes\GameMode.h" />
    <ClInclude Include="..\Classes\PlayerAction.h" />
    <ClInclude Include="..\Classes\PuzzleMode.h" />
    <ClInclude Include="..\Classes\SurvivalMode.h" />
    <ClInclude Include="..\Classes\GameMode.h" />
    <ClInclude Include="..\Classes\PlayerAction.h" />
    <ClInclude Include="..\Classes\PuzzleMode.h" />
    <ClInclude Include="..\Classes\SurvivalMode.h" />
    <ClInclude Include="..\Classes\GameMode.h" />
    <ClInclude Include="..\Classes\PlayerAction.h" />
    <ClInclude Include="..\Classes\PuzzleMode.h" />
    <ClInclude Include="..\Classes\SurvivalMode.h" />
    <ClInclude Include="..\Classes\Blocks\*.h" />
    <ClInclude Include="..\Classes\Blocks\*.h" />
    <ClInclude Include="..\Classes\Blocks\*.h" />
    <ClInclude Include="..\Classes\Blocks\*.h" />
    <ClInclude Include="..\Classes\Blocks\*.h" />
    <ClInclude Include="..\Classes\Blocks\*.h" />
    <ClInclude Include="..\Classes\Blocks\*.h" />
    <ClInclude Include="..\Classes\*.h">
      <Filter>src</Filter>
    </ClInclude>
    <ClInclude Include="..\Classes\*.h">
      <Filter>src</Filter>
    </ClInclude>
    <ClInclude Include="..\Classes\*.h">
      <Filter>src</Filter>
    </ClInclude>
    <ClInclude Include="..\Classes\*.h">
      <Filter>src</Filter>
    </ClInclude>
    <ClInclude Include="..\Classes\*.h">
      <Filter>src</Filter>
    </ClInclude>
    <ClInclude Include="..\Classes\*.h" />
    <ClInclude Include="..\Classes\*.h" />
    <ClInclude Include="..\Classes\*.h" />
    <ClInclude Include="..\Classes\*.h" />
    <ClInclude Include="..\Classes\Blocks\BlockFactory.h" />
    <ClInclude Include="..\Classes\Blocks\BlockType.h" />
    <ClInclude Include="..\Classes\Blocks\IBlock.h" />
    <ClInclude Include="..\Classes\Blocks\LBlock.h" />
    <ClInclude Include="..\Classes\Blocks\OBlock.h" />
    <ClInclude Include="..\Classes\Blocks\TBlock.h" />
    <ClInclude Include="..\Classes\Blocks\ZBlock.h" />
    <ClInclude Include="..\Classes\Blocks\BlockFactory.h" />
    <ClInclude Include="..\Classes\Blocks\BlockType.h" />
    <ClInclude Include="..\Classes\Blocks\IBlock.h" />
    <ClInclude Include="..\Classes\Blocks\LBlock.h" />
    <ClInclude Include="..\Classes\Blocks\OBlock.h" />
    <ClInclude Include="..\Classes\Blocks\TBlock.h" />
    <ClInclude Include="..\Classes\Blocks\ZBlock.h" />
    <ClInclude Include="..\Classes\Blocks\BlockFactory.h" />
    <ClInclude Include="..\Classes\Blocks\BlockType.h" />
    <ClInclude Include="..\Classes\Blocks\IBlock.h" />
    <ClInclude Include="..\Classes\Blocks\LBlock.h" />
    <ClInclude Include="..\Classes\Blocks\OBlock.h" />
    <ClInclude Include="..\Classes\Blocks\TBlock.h" />
    <ClInclude Include="..\Classes\Blocks\ZBlock.h" />
    <ClInclude Include="..\Classes\Blocks\BlockFactory.h" />
    <ClInclude Include="..\Classes\Blocks\BlockType.h" />
    <ClInclude Include="..\Classes\Blocks\IBlock.h" />
    <ClInclude Include="..\Classes\Blocks\LBlock.h" />
    <ClInclude Include="..\Classes\Blocks\OBlock.h" />
    <ClInclude Include="..\Classes\Blocks\TBlock.h" />
    <ClInclude Include="..\Classes\Blocks\ZBlock.h" />
    <ClInclude Include="..\Classes\Blocks\BlockFactory.h" />
    <ClInclude Include="..\Classes\Blocks\BlockType.h" />
    <ClInclude Include="..\Classes\Blocks\IBlock.h" />
    <ClInclude Include="..\Classes\Blocks\LBlock.h" />
    <ClInclude Include="..\Classes\Blocks\OBlock.h" />
    <ClInclude Include="..\Classes\Blocks\TBlock.h" />
    <ClInclude Include="..\Classes\Blocks\ZBlock.h" />
    <ClInclude Include="..\Classes\Blocks\BlockFactory.h" />
    <ClInclude Include="..\Classes\Blocks\BlockType.h" />
    <ClInclude Include="..\Classes\Blocks\IBlock.h" />
    <ClInclude Include="..\Classes\Blocks\LBlock.h" />
    <ClInclude Include="..\Classes\Blocks\OBlock.h" />
    <ClInclude Include="..\Classes\Blocks\TBlock.h" />
    <ClInclude Include="..\Classes\Blocks\ZBlock.h" />
    <ClInclude Include="..\Classes\Blocks\BlockFactory.h" />
    <ClInclude Include="..\Classes\Blocks\BlockType.h" />
    <ClInclude Include="..\Classes\Blocks\IBlock.h" />
    <ClInclude Include="..\Classes\Blocks\LBlock.h" />
    <ClInclude Include="..\Classes\Blocks\OBlock.h" />
    <ClInclude Include="..\Classes\Blocks\TBlock.h" />
    <ClInclude Include="..\Classes\Blocks\ZBlock.h" />
    <ClInclude Include="..\Classes\Blocks\*.h">
      <Filter>src\Blocks</Filter>
    </ClInclude>
    <ClInclude Include="..\Classes\Blocks\*.h">
      <Filter>src\Blocks</Filter>
    </ClInclude>
    <ClInclude Include="..\Classes\Blocks\*.h">
      <Filter>src\Blocks</Filter>
    </ClInclude>
    <ClInclude Include="..\Classes\Blocks\*.h">
      <Filter>src\Blocks</Filter>
    </ClInclude>
    <ClInclude Include="..\Classes\Blocks\*.h">
      <Filter>src\Blocks</Filter>
    </ClInclude>
    <ClInclude Include="..\Classes\Blocks\*.h">
      <Filter>src\Blocks</Filter>
    </ClInclude>
    <ClInclude Include="..\Classes\Blocks\*.h">
      <Filter>src\Blocks</Filter>
    </ClInclude>
    <ClInclude Include="..\Classes\Blocks\*.h">
      <Filter>src\Blocks</Filter>
    </ClInclude>
    <ClInclude Include="..\Classes\define.h" />
    <ClInclude Include="..\Classes\GameMode.h" />
    <ClInclude Include="..\Classes\PlayerAction.h" />
    <ClInclude Include="..\Classes\PuzzleMode.h" />
    <ClInclude Include="..\Classes\SurvivalMode.h" />
    <ClInclude Include="..\Classes\define.h" />
    <ClInclude Include="..\Classes\GameMode.h" />
    <ClInclude Include="..\Classes\PlayerAction.h" />
    <ClInclude Include="..\Classes\PuzzleMode.h" />
    <ClInclude Include="..\Classes\SurvivalMode.h" />
    <ClInclude Include="..\Classes\define.h" />
    <ClInclude Include="..\Classes\GameMode.h" />
    <ClInclude Include="..\Classes\PlayerAction.h" />
    <ClInclude Include="..\Classes\PuzzleMode.h" />
    <ClInclude Include="..\Classes\SurvivalMode.h" />
    <ClInclude Include="..\Classes\define.h" />
    <ClInclude Include="..\Classes\GameMode.h" />
    <ClInclude Include="..\Classes\PlayerAction.h" />
    <ClInclude Include="..\Classes\PuzzleMode.h" />
    <ClInclude Include="..\Classes\SurvivalMode.h" />
    <ClInclude Include="..\Classes\define.h" />
    <ClInclude Include="..\Classes\GameMode.h" />
    <ClInclude Include="..\Classes\PlayerAction.h" />
    <ClInclude Include="..\Classes\PuzzleMode.h" />
    <ClInclude Include="..\Classes\SurvivalMode.h" />
    <ClInclude Include="..\Classes\Blocks\*.h" />
    <ClInclude Include="..\Classes\Blocks\*.h" />
    <ClInclude Include="..\Classes\Blocks\*.h" />
    <ClInclude Include="..\Classes\Blocks\*.h" />
    <ClInclude Include="..\Classes\Blocks\*.h" />
    <ClInclude Include="..\Classes\Blocks\*.h" />
    <ClInclude Include="..\Classes\Blocks\*.h" />
    <ClInclude Include="..\Classes\*.h">
      <Filter>src</Filter>
    </ClInclude>
    <ClInclude Include="..\Classes\*.h">
      <Filter>src</Filter>
    </ClInclude>
    <ClInclude Include="..\Classes\*.h">
      <Filter>src</Filter>
    </ClInclude>
    <ClInclude Include="..\Classes\*.h">
      <Filter>src</Filter>
    </ClInclude>
    <ClInclude Include="..\Classes\*.h">
      <Filter>src</Filter>
    </ClInclude>
    <ClInclude Include="..\Classes\*.h">
      <Filter>src</Filter>
    </ClInclude>
  </ItemGroup>
  <ItemGroup>
    <ResourceCompile Include="game.rc">
      <Filter>resource</Filter>
    </ResourceCompile>
  </ItemGroup>
</Project>